// !$*UTF8*$!
{
	archiveVersion = 1;
	classes = {
	};
	objectVersion = 46;
	objects = {

/* Begin PBXBuildFile section */
		097F36611F42F09100B70415 /* AppDelegate.swift in Sources */ = {isa = PBXBuildFile; fileRef = 097F36601F42F09100B70415 /* AppDelegate.swift */; };
		097F36631F42F09100B70415 /* ViewController.swift in Sources */ = {isa = PBXBuildFile; fileRef = 097F36621F42F09100B70415 /* ViewController.swift */; };
		097F36661F42F09100B70415 /* Main.storyboard in Resources */ = {isa = PBXBuildFile; fileRef = 097F36641F42F09100B70415 /* Main.storyboard */; };
		097F36681F42F09100B70415 /* Assets.xcassets in Resources */ = {isa = PBXBuildFile; fileRef = 097F36671F42F09100B70415 /* Assets.xcassets */; };
		097F366B1F42F09100B70415 /* LaunchScreen.storyboard in Resources */ = {isa = PBXBuildFile; fileRef = 097F36691F42F09100B70415 /* LaunchScreen.storyboard */; };
		097F36761F42F09100B70415 /* WeChatTimelineDemoTests.swift in Sources */ = {isa = PBXBuildFile; fileRef = 097F36751F42F09100B70415 /* WeChatTimelineDemoTests.swift */; };
		097F36821F42F0DB00B70415 /* TimelineViewController.swift in Sources */ = {isa = PBXBuildFile; fileRef = 097F36811F42F0DB00B70415 /* TimelineViewController.swift */; };
		097F36841F42F21400B70415 /* TimelineCell.swift in Sources */ = {isa = PBXBuildFile; fileRef = 097F36831F42F21400B70415 /* TimelineCell.swift */; };
		097F36861F42F27500B70415 /* PhotoContainerView.swift in Sources */ = {isa = PBXBuildFile; fileRef = 097F36851F42F27500B70415 /* PhotoContainerView.swift */; };
		097F36881F42F2AC00B70415 /* TimelineCellCommentView.swift in Sources */ = {isa = PBXBuildFile; fileRef = 097F36871F42F2AC00B70415 /* TimelineCellCommentView.swift */; };
		097F368A1F42F2D800B70415 /* TimelineCellOperationMenu.swift in Sources */ = {isa = PBXBuildFile; fileRef = 097F36891F42F2D800B70415 /* TimelineCellOperationMenu.swift */; };
		097F368C1F42F50500B70415 /* TimelineUIController.swift in Sources */ = {isa = PBXBuildFile; fileRef = 097F368B1F42F50500B70415 /* TimelineUIController.swift */; };
		097F36901F42F58200B70415 /* UIStoryboard+Storyboards.swift in Sources */ = {isa = PBXBuildFile; fileRef = 097F368E1F42F58200B70415 /* UIStoryboard+Storyboards.swift */; };
		097F36911F42F58200B70415 /* UIViewController+StoryboardIdentifiable.swift in Sources */ = {isa = PBXBuildFile; fileRef = 097F368F1F42F58200B70415 /* UIViewController+StoryboardIdentifiable.swift */; };
		097F36931F42F58C00B70415 /* UIView+xib.swift in Sources */ = {isa = PBXBuildFile; fileRef = 097F36921F42F58C00B70415 /* UIView+xib.swift */; };
		097F36951F42F59300B70415 /* TableView(CollectionView)+Dequeuing.swift in Sources */ = {isa = PBXBuildFile; fileRef = 097F36941F42F59300B70415 /* TableView(CollectionView)+Dequeuing.swift */; };
/* End PBXBuildFile section */

/* Begin PBXContainerItemProxy section */
		097F36721F42F09100B70415 /* PBXContainerItemProxy */ = {
			isa = PBXContainerItemProxy;
			containerPortal = 097F36551F42F09100B70415 /* Project object */;
			proxyType = 1;
			remoteGlobalIDString = 097F365C1F42F09100B70415;
			remoteInfo = WeChatTimelineDemo;
		};
/* End PBXContainerItemProxy section */

/* Begin PBXFileReference section */
		097F365D1F42F09100B70415 /* WeChatTimelineDemo.app */ = {isa = PBXFileReference; explicitFileType = wrapper.application; includeInIndex = 0; path = WeChatTimelineDemo.app; sourceTree = BUILT_PRODUCTS_DIR; };
		097F36601F42F09100B70415 /* AppDelegate.swift */ = {isa = PBXFileReference; lastKnownFileType = sourcecode.swift; path = AppDelegate.swift; sourceTree = "<group>"; };
		097F36621F42F09100B70415 /* ViewController.swift */ = {isa = PBXFileReference; lastKnownFileType = sourcecode.swift; path = ViewController.swift; sourceTree = "<group>"; };
		097F36651F42F09100B70415 /* Base */ = {isa = PBXFileReference; lastKnownFileType = file.storyboard; name = Base; path = Base.lproj/Main.storyboard; sourceTree = "<group>"; };
		097F36671F42F09100B70415 /* Assets.xcassets */ = {isa = PBXFileReference; lastKnownFileType = folder.assetcatalog; path = Assets.xcassets; sourceTree = "<group>"; };
		097F366A1F42F09100B70415 /* Base */ = {isa = PBXFileReference; lastKnownFileType = file.storyboard; name = Base; path = Base.lproj/LaunchScreen.storyboard; sourceTree = "<group>"; };
		097F366C1F42F09100B70415 /* Info.plist */ = {isa = PBXFileReference; lastKnownFileType = text.plist.xml; path = Info.plist; sourceTree = "<group>"; };
		097F36711F42F09100B70415 /* WeChatTimelineDemoTests.xctest */ = {isa = PBXFileReference; explicitFileType = wrapper.cfbundle; includeInIndex = 0; path = WeChatTimelineDemoTests.xctest; sourceTree = BUILT_PRODUCTS_DIR; };
		097F36751F42F09100B70415 /* WeChatTimelineDemoTests.swift */ = {isa = PBXFileReference; lastKnownFileType = sourcecode.swift; path = WeChatTimelineDemoTests.swift; sourceTree = "<group>"; };
		097F36771F42F09100B70415 /* Info.plist */ = {isa = PBXFileReference; lastKnownFileType = text.plist.xml; path = Info.plist; sourceTree = "<group>"; };
		097F36811F42F0DB00B70415 /* TimelineViewController.swift */ = {isa = PBXFileReference; fileEncoding = 4; lastKnownFileType = sourcecode.swift; path = TimelineViewController.swift; sourceTree = "<group>"; };
		097F36831F42F21400B70415 /* TimelineCell.swift */ = {isa = PBXFileReference; fileEncoding = 4; lastKnownFileType = sourcecode.swift; path = TimelineCell.swift; sourceTree = "<group>"; };
		097F36851F42F27500B70415 /* PhotoContainerView.swift */ = {isa = PBXFileReference; fileEncoding = 4; lastKnownFileType = sourcecode.swift; path = PhotoContainerView.swift; sourceTree = "<group>"; };
		097F36871F42F2AC00B70415 /* TimelineCellCommentView.swift */ = {isa = PBXFileReference; fileEncoding = 4; lastKnownFileType = sourcecode.swift; path = TimelineCellCommentView.swift; sourceTree = "<group>"; };
		097F36891F42F2D800B70415 /* TimelineCellOperationMenu.swift */ = {isa = PBXFileReference; fileEncoding = 4; lastKnownFileType = sourcecode.swift; path = TimelineCellOperationMenu.swift; sourceTree = "<group>"; };
		097F368B1F42F50500B70415 /* TimelineUIController.swift */ = {isa = PBXFileReference; fileEncoding = 4; lastKnownFileType = sourcecode.swift; path = TimelineUIController.swift; sourceTree = "<group>"; };
		097F368E1F42F58200B70415 /* UIStoryboard+Storyboards.swift */ = {isa = PBXFileReference; fileEncoding = 4; lastKnownFileType = sourcecode.swift; path = "UIStoryboard+Storyboards.swift"; sourceTree = "<group>"; };
		097F368F1F42F58200B70415 /* UIViewController+StoryboardIdentifiable.swift */ = {isa = PBXFileReference; fileEncoding = 4; lastKnownFileType = sourcecode.swift; path = "UIViewController+StoryboardIdentifiable.swift"; sourceTree = "<group>"; };
		097F36921F42F58C00B70415 /* UIView+xib.swift */ = {isa = PBXFileReference; fileEncoding = 4; lastKnownFileType = sourcecode.swift; path = "UIView+xib.swift"; sourceTree = "<group>"; };
		097F36941F42F59300B70415 /* TableView(CollectionView)+Dequeuing.swift */ = {isa = PBXFileReference; fileEncoding = 4; lastKnownFileType = sourcecode.swift; path = "TableView(CollectionView)+Dequeuing.swift"; sourceTree = "<group>"; };
/* End PBXFileReference section */

/* Begin PBXFrameworksBuildPhase section */
		097F365A1F42F09100B70415 /* Frameworks */ = {
			isa = PBXFrameworksBuildPhase;
			buildActionMask = 2147483647;
			files = (
			);
			runOnlyForDeploymentPostprocessing = 0;
		};
		097F366E1F42F09100B70415 /* Frameworks */ = {
			isa = PBXFrameworksBuildPhase;
			buildActionMask = 2147483647;
			files = (
			);
			runOnlyForDeploymentPostprocessing = 0;
		};
/* End PBXFrameworksBuildPhase section */

/* Begin PBXGroup section */
		097F36541F42F09100B70415 = {
			isa = PBXGroup;
			children = (
				097F365F1F42F09100B70415 /* WeChatTimelineDemo */,
				097F36741F42F09100B70415 /* WeChatTimelineDemoTests */,
				097F365E1F42F09100B70415 /* Products */,
			);
			sourceTree = "<group>";
		};
		097F365E1F42F09100B70415 /* Products */ = {
			isa = PBXGroup;
			children = (
				097F365D1F42F09100B70415 /* WeChatTimelineDemo.app */,
				097F36711F42F09100B70415 /* WeChatTimelineDemoTests.xctest */,
			);
			name = Products;
			sourceTree = "<group>";
		};
		097F365F1F42F09100B70415 /* WeChatTimelineDemo */ = {
			isa = PBXGroup;
			children = (
				097F368D1F42F56D00B70415 /* Extension */,
				097F36801F42F09D00B70415 /* Timeline */,
				097F36601F42F09100B70415 /* AppDelegate.swift */,
				097F36621F42F09100B70415 /* ViewController.swift */,
				097F36641F42F09100B70415 /* Main.storyboard */,
				097F36671F42F09100B70415 /* Assets.xcassets */,
				097F36691F42F09100B70415 /* LaunchScreen.storyboard */,
				097F366C1F42F09100B70415 /* Info.plist */,
			);
			path = WeChatTimelineDemo;
			sourceTree = "<group>";
		};
		097F36741F42F09100B70415 /* WeChatTimelineDemoTests */ = {
			isa = PBXGroup;
			children = (
				097F36751F42F09100B70415 /* WeChatTimelineDemoTests.swift */,
				097F36771F42F09100B70415 /* Info.plist */,
			);
			path = WeChatTimelineDemoTests;
			sourceTree = "<group>";
		};
		097F36801F42F09D00B70415 /* Timeline */ = {
			isa = PBXGroup;
			children = (
				097F36811F42F0DB00B70415 /* TimelineViewController.swift */,
				097F368B1F42F50500B70415 /* TimelineUIController.swift */,
				097F36831F42F21400B70415 /* TimelineCell.swift */,
				097F36851F42F27500B70415 /* PhotoContainerView.swift */,
				097F36871F42F2AC00B70415 /* TimelineCellCommentView.swift */,
				097F36891F42F2D800B70415 /* TimelineCellOperationMenu.swift */,
			);
			name = Timeline;
			sourceTree = "<group>";
		};
		097F368D1F42F56D00B70415 /* Extension */ = {
			isa = PBXGroup;
			children = (
				097F36941F42F59300B70415 /* TableView(CollectionView)+Dequeuing.swift */,
				097F368E1F42F58200B70415 /* UIStoryboard+Storyboards.swift */,
				097F368F1F42F58200B70415 /* UIViewController+StoryboardIdentifiable.swift */,
				097F36921F42F58C00B70415 /* UIView+xib.swift */,
			);
			name = Extension;
			sourceTree = "<group>";
		};
/* End PBXGroup section */

/* Begin PBXNativeTarget section */
		097F365C1F42F09100B70415 /* WeChatTimelineDemo */ = {
			isa = PBXNativeTarget;
			buildConfigurationList = 097F367A1F42F09100B70415 /* Build configuration list for PBXNativeTarget "WeChatTimelineDemo" */;
			buildPhases = (
				097F36591F42F09100B70415 /* Sources */,
				097F365A1F42F09100B70415 /* Frameworks */,
				097F365B1F42F09100B70415 /* Resources */,
			);
			buildRules = (
			);
			dependencies = (
			);
			name = WeChatTimelineDemo;
			productName = WeChatTimelineDemo;
			productReference = 097F365D1F42F09100B70415 /* WeChatTimelineDemo.app */;
			productType = "com.apple.product-type.application";
		};
		097F36701F42F09100B70415 /* WeChatTimelineDemoTests */ = {
			isa = PBXNativeTarget;
			buildConfigurationList = 097F367D1F42F09100B70415 /* Build configuration list for PBXNativeTarget "WeChatTimelineDemoTests" */;
			buildPhases = (
				097F366D1F42F09100B70415 /* Sources */,
				097F366E1F42F09100B70415 /* Frameworks */,
				097F366F1F42F09100B70415 /* Resources */,
			);
			buildRules = (
			);
			dependencies = (
				097F36731F42F09100B70415 /* PBXTargetDependency */,
			);
			name = WeChatTimelineDemoTests;
			productName = WeChatTimelineDemoTests;
			productReference = 097F36711F42F09100B70415 /* WeChatTimelineDemoTests.xctest */;
			productType = "com.apple.product-type.bundle.unit-test";
		};
/* End PBXNativeTarget section */

/* Begin PBXProject section */
		097F36551F42F09100B70415 /* Project object */ = {
			isa = PBXProject;
			attributes = {
				LastSwiftUpdateCheck = 0830;
				LastUpgradeCheck = 0830;
				ORGANIZATIONNAME = CPX;
				TargetAttributes = {
					097F365C1F42F09100B70415 = {
						CreatedOnToolsVersion = 8.3.3;
						DevelopmentTeam = 3Z2KA52CKG;
						ProvisioningStyle = Automatic;
					};
					097F36701F42F09100B70415 = {
						CreatedOnToolsVersion = 8.3.3;
						DevelopmentTeam = 3Z2KA52CKG;
						ProvisioningStyle = Automatic;
						TestTargetID = 097F365C1F42F09100B70415;
					};
				};
			};
			buildConfigurationList = 097F36581F42F09100B70415 /* Build configuration list for PBXProject "WeChatTimelineDemo" */;
			compatibilityVersion = "Xcode 3.2";
			developmentRegion = English;
			hasScannedForEncodings = 0;
			knownRegions = (
				en,
				Base,
			);
			mainGroup = 097F36541F42F09100B70415;
			productRefGroup = 097F365E1F42F09100B70415 /* Products */;
			projectDirPath = "";
			projectRoot = "";
			targets = (
				097F365C1F42F09100B70415 /* WeChatTimelineDemo */,
				097F36701F42F09100B70415 /* WeChatTimelineDemoTests */,
			);
		};
/* End PBXProject section */

/* Begin PBXResourcesBuildPhase section */
		097F365B1F42F09100B70415 /* Resources */ = {
			isa = PBXResourcesBuildPhase;
			buildActionMask = 2147483647;
			files = (
				097F366B1F42F09100B70415 /* LaunchScreen.storyboard in Resources */,
				097F36681F42F09100B70415 /* Assets.xcassets in Resources */,
				097F36661F42F09100B70415 /* Main.storyboard in Resources */,
			);
			runOnlyForDeploymentPostprocessing = 0;
		};
		097F366F1F42F09100B70415 /* Resources */ = {
			isa = PBXResourcesBuildPhase;
			buildActionMask = 2147483647;
			files = (
			);
			runOnlyForDeploymentPostprocessing = 0;
		};
/* End PBXResourcesBuildPhase section */

/* Begin PBXSourcesBuildPhase section */
		097F36591F42F09100B70415 /* Sources */ = {
			isa = PBXSourcesBuildPhase;
			buildActionMask = 2147483647;
			files = (
				097F368A1F42F2D800B70415 /* TimelineCellOperationMenu.swift in Sources */,
				097F36951F42F59300B70415 /* TableView(CollectionView)+Dequeuing.swift in Sources */,
				097F36841F42F21400B70415 /* TimelineCell.swift in Sources */,
				097F36881F42F2AC00B70415 /* TimelineCellCommentView.swift in Sources */,
				097F36631F42F09100B70415 /* ViewController.swift in Sources */,
				097F36611F42F09100B70415 /* AppDelegate.swift in Sources */,
				097F36861F42F27500B70415 /* PhotoContainerView.swift in Sources */,
				097F368C1F42F50500B70415 /* TimelineUIController.swift in Sources */,
				097F36911F42F58200B70415 /* UIViewController+StoryboardIdentifiable.swift in Sources */,
				097F36931F42F58C00B70415 /* UIView+xib.swift in Sources */,
				097F36821F42F0DB00B70415 /* TimelineViewController.swift in Sources */,
				097F36901F42F58200B70415 /* UIStoryboard+Storyboards.swift in Sources */,
			);
			runOnlyForDeploymentPostprocessing = 0;
		};
		097F366D1F42F09100B70415 /* Sources */ = {
			isa = PBXSourcesBuildPhase;
			buildActionMask = 2147483647;
			files = (
				097F36761F42F09100B70415 /* WeChatTimelineDemoTests.swift in Sources */,
			);
			runOnlyForDeploymentPostprocessing = 0;
		};
/* End PBXSourcesBuildPhase section */

/* Begin PBXTargetDependency section */
		097F36731F42F09100B70415 /* PBXTargetDependency */ = {
			isa = PBXTargetDependency;
			target = 097F365C1F42F09100B70415 /* WeChatTimelineDemo */;
			targetProxy = 097F36721F42F09100B70415 /* PBXContainerItemProxy */;
		};
/* End PBXTargetDependency section */

/* Begin PBXVariantGroup section */
		097F36641F42F09100B70415 /* Main.storyboard */ = {
			isa = PBXVariantGroup;
			children = (
				097F36651F42F09100B70415 /* Base */,
			);
			name = Main.storyboard;
			sourceTree = "<group>";
		};
		097F36691F42F09100B70415 /* LaunchScreen.storyboard */ = {
			isa = PBXVariantGroup;
			children = (
				097F366A1F42F09100B70415 /* Base */,
			);
			name = LaunchScreen.storyboard;
			sourceTree = "<group>";
		};
/* End PBXVariantGroup section */

/* Begin XCBuildConfiguration section */
		097F36781F42F09100B70415 /* Debug */ = {
			isa = XCBuildConfiguration;
			buildSettings = {
				ALWAYS_SEARCH_USER_PATHS = NO;
				CLANG_ANALYZER_NONNULL = YES;
				CLANG_ANALYZER_NUMBER_OBJECT_CONVERSION = YES_AGGRESSIVE;
				CLANG_CXX_LANGUAGE_STANDARD = "gnu++0x";
				CLANG_CXX_LIBRARY = "libc++";
				CLANG_ENABLE_MODULES = YES;
				CLANG_ENABLE_OBJC_ARC = YES;
				CLANG_WARN_BOOL_CONVERSION = YES;
				CLANG_WARN_CONSTANT_CONVERSION = YES;
				CLANG_WARN_DIRECT_OBJC_ISA_USAGE = YES_ERROR;
				CLANG_WARN_DOCUMENTATION_COMMENTS = YES;
				CLANG_WARN_EMPTY_BODY = YES;
				CLANG_WARN_ENUM_CONVERSION = YES;
				CLANG_WARN_INFINITE_RECURSION = YES;
				CLANG_WARN_INT_CONVERSION = YES;
				CLANG_WARN_OBJC_ROOT_CLASS = YES_ERROR;
				CLANG_WARN_SUSPICIOUS_MOVE = YES;
				CLANG_WARN_UNREACHABLE_CODE = YES;
				CLANG_WARN__DUPLICATE_METHOD_MATCH = YES;
				"CODE_SIGN_IDENTITY[sdk=iphoneos*]" = "iPhone Developer";
				COPY_PHASE_STRIP = NO;
				DEBUG_INFORMATION_FORMAT = dwarf;
				ENABLE_STRICT_OBJC_MSGSEND = YES;
				ENABLE_TESTABILITY = YES;
				GCC_C_LANGUAGE_STANDARD = gnu99;
				GCC_DYNAMIC_NO_PIC = NO;
				GCC_NO_COMMON_BLOCKS = YES;
				GCC_OPTIMIZATION_LEVEL = 0;
				GCC_PREPROCESSOR_DEFINITIONS = (
					"DEBUG=1",
					"$(inherited)",
				);
				GCC_WARN_64_TO_32_BIT_CONVERSION = YES;
				GCC_WARN_ABOUT_RETURN_TYPE = YES_ERROR;
				GCC_WARN_UNDECLARED_SELECTOR = YES;
				GCC_WARN_UNINITIALIZED_AUTOS = YES_AGGRESSIVE;
				GCC_WARN_UNUSED_FUNCTION = YES;
				GCC_WARN_UNUSED_VARIABLE = YES;
				IPHONEOS_DEPLOYMENT_TARGET = 10.3;
				MTL_ENABLE_DEBUG_INFO = YES;
				ONLY_ACTIVE_ARCH = YES;
				SDKROOT = iphoneos;
				SWIFT_ACTIVE_COMPILATION_CONDITIONS = DEBUG;
				SWIFT_OPTIMIZATION_LEVEL = "-Onone";
			};
			name = Debug;
		};
		097F36791F42F09100B70415 /* Release */ = {
			isa = XCBuildConfiguration;
			buildSettings = {
				ALWAYS_SEARCH_USER_PATHS = NO;
				CLANG_ANALYZER_NONNULL = YES;
				CLANG_ANALYZER_NUMBER_OBJECT_CONVERSION = YES_AGGRESSIVE;
				CLANG_CXX_LANGUAGE_STANDARD = "gnu++0x";
				CLANG_CXX_LIBRARY = "libc++";
				CLANG_ENABLE_MODULES = YES;
				CLANG_ENABLE_OBJC_ARC = YES;
				CLANG_WARN_BOOL_CONVERSION = YES;
				CLANG_WARN_CONSTANT_CONVERSION = YES;
				CLANG_WARN_DIRECT_OBJC_ISA_USAGE = YES_ERROR;
				CLANG_WARN_DOCUMENTATION_COMMENTS = YES;
				CLANG_WARN_EMPTY_BODY = YES;
				CLANG_WARN_ENUM_CONVERSION = YES;
				CLANG_WARN_INFINITE_RECURSION = YES;
				CLANG_WARN_INT_CONVERSION = YES;
				CLANG_WARN_OBJC_ROOT_CLASS = YES_ERROR;
				CLANG_WARN_SUSPICIOUS_MOVE = YES;
				CLANG_WARN_UNREACHABLE_CODE = YES;
				CLANG_WARN__DUPLICATE_METHOD_MATCH = YES;
				"CODE_SIGN_IDENTITY[sdk=iphoneos*]" = "iPhone Developer";
				COPY_PHASE_STRIP = NO;
				DEBUG_INFORMATION_FORMAT = "dwarf-with-dsym";
				ENABLE_NS_ASSERTIONS = NO;
				ENABLE_STRICT_OBJC_MSGSEND = YES;
				GCC_C_LANGUAGE_STANDARD = gnu99;
				GCC_NO_COMMON_BLOCKS = YES;
				GCC_WARN_64_TO_32_BIT_CONVERSION = YES;
				GCC_WARN_ABOUT_RETURN_TYPE = YES_ERROR;
				GCC_WARN_UNDECLARED_SELECTOR = YES;
				GCC_WARN_UNINITIALIZED_AUTOS = YES_AGGRESSIVE;
				GCC_WARN_UNUSED_FUNCTION = YES;
				GCC_WARN_UNUSED_VARIABLE = YES;
				IPHONEOS_DEPLOYMENT_TARGET = 10.3;
				MTL_ENABLE_DEBUG_INFO = NO;
				SDKROOT = iphoneos;
				SWIFT_OPTIMIZATION_LEVEL = "-Owholemodule";
				VALIDATE_PRODUCT = YES;
			};
			name = Release;
		};
		097F367B1F42F09100B70415 /* Debug */ = {
			isa = XCBuildConfiguration;
			buildSettings = {
				ASSETCATALOG_COMPILER_APPICON_NAME = AppIcon;
				DEVELOPMENT_TEAM = 3Z2KA52CKG;
				INFOPLIST_FILE = WeChatTimelineDemo/Info.plist;
				IPHONEOS_DEPLOYMENT_TARGET = 9.0;
				LD_RUNPATH_SEARCH_PATHS = "$(inherited) @executable_path/Frameworks";
				PRODUCT_BUNDLE_IDENTIFIER = com.freelance.WeChatTimelineDemo;
				PRODUCT_NAME = "$(TARGET_NAME)";
				SWIFT_VERSION = 3.0;
			};
			name = Debug;
		};
		097F367C1F42F09100B70415 /* Release */ = {
			isa = XCBuildConfiguration;
			buildSettings = {
				ASSETCATALOG_COMPILER_APPICON_NAME = AppIcon;
				DEVELOPMENT_TEAM = 3Z2KA52CKG;
				INFOPLIST_FILE = WeChatTimelineDemo/Info.plist;
				IPHONEOS_DEPLOYMENT_TARGET = 9.0;
				LD_RUNPATH_SEARCH_PATHS = "$(inherited) @executable_path/Frameworks";
				PRODUCT_BUNDLE_IDENTIFIER = com.freelance.WeChatTimelineDemo;
				PRODUCT_NAME = "$(TARGET_NAME)";
				SWIFT_VERSION = 3.0;
			};
			name = Release;
		};
		097F367E1F42F09100B70415 /* Debug */ = {
			isa = XCBuildConfiguration;
			buildSettings = {
				ALWAYS_EMBED_SWIFT_STANDARD_LIBRARIES = YES;
				BUNDLE_LOADER = "$(TEST_HOST)";
				DEVELOPMENT_TEAM = 3Z2KA52CKG;
				INFOPLIST_FILE = WeChatTimelineDemoTests/Info.plist;
				LD_RUNPATH_SEARCH_PATHS = "$(inherited) @executable_path/Frameworks @loader_path/Frameworks";
				PRODUCT_BUNDLE_IDENTIFIER = com.freelance.WeChatTimelineDemoTests;
				PRODUCT_NAME = "$(TARGET_NAME)";
				SWIFT_VERSION = 3.0;
				TEST_HOST = "$(BUILT_PRODUCTS_DIR)/WeChatTimelineDemo.app/WeChatTimelineDemo";
			};
			name = Debug;
		};
		097F367F1F42F09100B70415 /* Release */ = {
			isa = XCBuildConfiguration;
			buildSettings = {
				ALWAYS_EMBED_SWIFT_STANDARD_LIBRARIES = YES;
				BUNDLE_LOADER = "$(TEST_HOST)";
				DEVELOPMENT_TEAM = 3Z2KA52CKG;
				INFOPLIST_FILE = WeChatTimelineDemoTests/Info.plist;
				LD_RUNPATH_SEARCH_PATHS = "$(inherited) @executable_path/Frameworks @loader_path/Frameworks";
				PRODUCT_BUNDLE_IDENTIFIER = com.freelance.WeChatTimelineDemoTests;
				PRODUCT_NAME = "$(TARGET_NAME)";
				SWIFT_VERSION = 3.0;
				TEST_HOST = "$(BUILT_PRODUCTS_DIR)/WeChatTimelineDemo.app/WeChatTimelineDemo";
			};
			name = Release;
		};
/* End XCBuildConfiguration section */

/* Begin XCConfigurationList section */
		097F36581F42F09100B70415 /* Build configuration list for PBXProject "WeChatTimelineDemo" */ = {
			isa = XCConfigurationList;
			buildConfigurations = (
				097F36781F42F09100B70415 /* Debug */,
				097F36791F42F09100B70415 /* Release */,
			);
			defaultConfigurationIsVisible = 0;
			defaultConfigurationName = Release;
		};
		097F367A1F42F09100B70415 /* Build configuration list for PBXNativeTarget "WeChatTimelineDemo" */ = {
			isa = XCConfigurationList;
			buildConfigurations = (
				097F367B1F42F09100B70415 /* Debug */,
				097F367C1F42F09100B70415 /* Release */,
			);
			defaultConfigurationIsVisible = 0;
		};
		097F367D1F42F09100B70415 /* Build configuration list for PBXNativeTarget "WeChatTimelineDemoTests" */ = {
			isa = XCConfigurationList;
			buildConfigurations = (
				097F367E1F42F09100B70415 /* Debug */,
				097F367F1F42F09100B70415 /* Release */,
			);
			defaultConfigurationIsVisible = 0;
		};
/* End XCConfigurationList section */
	};
	rootObject = 097F36551F42F09100B70415 /* Project object */;
}
